
Microsoft Visual Studio Solution File, Format Version 12.00
# Visual Studio Version 17
VisualStudioVersion = 17.0.31903.59
MinimumVisualStudioVersion = 10.0.40219.1
Project("{2150E333-8FDC-42A3-9474-1A3956D46DE8}") = "src", "src", "{827E0CD3-B72D-47B6-A68D-7590B98EB39B}"
EndProject
Project("{2150E333-8FDC-42A3-9474-1A3956D46DE8}") = "BuildingBlocks", "BuildingBlocks", "{90298CBA-BD6F-3A0A-69D5-97CAD7B05E7E}"
EndProject
Project("{FAE04EC0-301F-11D3-BF4B-00C04F79EFBC}") = "KLL.BuildingBlocks.Domain", "src\BuildingBlocks\KLL.BuildingBlocks.Domain\KLL.BuildingBlocks.Domain.csproj", "{EECAB338-A96F-4260-8F85-67C769FCEC88}"
EndProject
Project("{FAE04EC0-301F-11D3-BF4B-00C04F79EFBC}") = "KLL.BuildingBlocks.EventBus", "src\BuildingBlocks\KLL.BuildingBlocks.EventBus\KLL.BuildingBlocks.EventBus.csproj", "{AB341CD2-4250-4D4E-934F-7D4B23711BBE}"
EndProject
Project("{FAE04EC0-301F-11D3-BF4B-00C04F79EFBC}") = "KLL.BuildingBlocks.Infrastructure", "src\BuildingBlocks\KLL.BuildingBlocks.Infrastructure\KLL.BuildingBlocks.Infrastructure.csproj", "{EAC36234-CB8B-41AC-B09F-A64DE476807A}"
EndProject
Project("{FAE04EC0-301F-11D3-BF4B-00C04F79EFBC}") = "KLL.BuildingBlocks.CQRS", "src\BuildingBlocks\KLL.BuildingBlocks.CQRS\KLL.BuildingBlocks.CQRS.csproj", "{C46848C0-4C9A-4B20-8EDA-ED63A9F9E5A8}"
EndProject
Project("{FAE04EC0-301F-11D3-BF4B-00C04F79EFBC}") = "KLL.BuildingBlocks.Outbox", "src\BuildingBlocks\KLL.BuildingBlocks.Outbox\KLL.BuildingBlocks.Outbox.csproj", "{7833A031-A6D6-430B-82DF-4D6B5DC508FC}"
EndProject
Project("{2150E333-8FDC-42A3-9474-1A3956D46DE8}") = "Services", "Services", "{984BB9B3-3FA3-BE33-9484-CAC21695A33C}"
EndProject
Project("{2150E333-8FDC-42A3-9474-1A3956D46DE8}") = "KLL.Store", "KLL.Store", "{7260728E-B00A-B5BC-7F87-EF7747535814}"
EndProject
Project("{FAE04EC0-301F-11D3-BF4B-00C04F79EFBC}") = "KLL.Store.Domain", "src\Services\KLL.Store\KLL.Store.Domain\KLL.Store.Domain.csproj", "{178F5B85-B250-4A2C-8395-1755A15F379C}"
EndProject
Project("{FAE04EC0-301F-11D3-BF4B-00C04F79EFBC}") = "KLL.Store.Application", "src\Services\KLL.Store\KLL.Store.Application\KLL.Store.Application.csproj", "{42FD2CB4-E6C9-45F2-846D-6E3916D59F8E}"
EndProject
Project("{FAE04EC0-301F-11D3-BF4B-00C04F79EFBC}") = "KLL.Store.Infra.Data", "src\Services\KLL.Store\KLL.Store.Infra.Data\KLL.Store.Infra.Data.csproj", "{B26DF836-0170-47F1-952B-B829366C86DD}"
EndProject
Project("{FAE04EC0-301F-11D3-BF4B-00C04F79EFBC}") = "KLL.Store.Api", "src\Services\KLL.Store\KLL.Store.Api\KLL.Store.Api.csproj", "{E7D96503-252F-425B-A364-A2F8429C423D}"
EndProject
Project("{2150E333-8FDC-42A3-9474-1A3956D46DE8}") = "KLL.Pay", "KLL.Pay", "{558359CF-DA3C-B651-F600-3BDF8CB29BE2}"
EndProject
Project("{FAE04EC0-301F-11D3-BF4B-00C04F79EFBC}") = "KLL.Pay.Domain", "src\Services\KLL.Pay\KLL.Pay.Domain\KLL.Pay.Domain.csproj", "{5377A806-CEC4-4B92-87B9-E5C8F724915C}"
EndProject
Project("{FAE04EC0-301F-11D3-BF4B-00C04F79EFBC}") = "KLL.Pay.Application", "src\Services\KLL.Pay\KLL.Pay.Application\KLL.Pay.Application.csproj", "{B321C145-14DE-49E4-A142-035B43F13259}"
EndProject
Project("{FAE04EC0-301F-11D3-BF4B-00C04F79EFBC}") = "KLL.Pay.Infra.Data", "src\Services\KLL.Pay\KLL.Pay.Infra.Data\KLL.Pay.Infra.Data.csproj", "{4177BA62-A888-4777-B5A2-E498F668D68B}"
EndProject
Project("{FAE04EC0-301F-11D3-BF4B-00C04F79EFBC}") = "KLL.Pay.Api", "src\Services\KLL.Pay\KLL.Pay.Api\KLL.Pay.Api.csproj", "{BBFC299D-A69E-4CE6-9130-7213933AC097}"
EndProject
Project("{2150E333-8FDC-42A3-9474-1A3956D46DE8}") = "KLL.Logistics", "KLL.Logistics", "{45D5E7BA-B554-34FF-D8A5-43719F56F5D3}"
EndProject
Project("{FAE04EC0-301F-11D3-BF4B-00C04F79EFBC}") = "KLL.Logistics.Domain", "src\Services\KLL.Logistics\KLL.Logistics.Domain\KLL.Logistics.Domain.csproj", "{56A11E8D-61F6-4726-82AF-113C0BCD895A}"
EndProject
Project("{FAE04EC0-301F-11D3-BF4B-00C04F79EFBC}") = "KLL.Logistics.Application", "src\Services\KLL.Logistics\KLL.Logistics.Application\KLL.Logistics.Application.csproj", "{FAB5E2B3-7E85-4BE7-AA47-EF35BAFCB218}"
EndProject
Project("{FAE04EC0-301F-11D3-BF4B-00C04F79EFBC}") = "KLL.Logistics.Infra.Data", "src\Services\KLL.Logistics\KLL.Logistics.Infra.Data\KLL.Logistics.Infra.Data.csproj", "{AC7C2557-8663-4076-825E-C4493F08E9B8}"
EndProject
Project("{FAE04EC0-301F-11D3-BF4B-00C04F79EFBC}") = "KLL.Logistics.Api", "src\Services\KLL.Logistics\KLL.Logistics.Api\KLL.Logistics.Api.csproj", "{07508546-855A-4633-981F-44B1E54966F5}"
EndProject
Project("{FAE04EC0-301F-11D3-BF4B-00C04F79EFBC}") = "KLL.Gateway", "src\Services\KLL.Gateway\KLL.Gateway.csproj", "{A53ACBD4-AC75-4638-BD6A-B48860D76170}"
EndProject
Project("{2150E333-8FDC-42A3-9474-1A3956D46DE8}") = "Web", "Web", "{03997797-E7F5-0643-168D-B8EA7178C2FE}"
EndProject
Project("{FAE04EC0-301F-11D3-BF4B-00C04F79EFBC}") = "KLL.Admin", "src\Web\KLL.Admin\KLL.Admin.csproj", "{8DB72D00-1277-4E1B-A400-D53F60A3EC6F}"
EndProject
Project("{2150E333-8FDC-42A3-9474-1A3956D46DE8}") = "tests", "tests", "{0AB3BF05-4346-4AA6-1389-037BE0695223}"
EndProject
Project("{FAE04EC0-301F-11D3-BF4B-00C04F79EFBC}") = "KLL.Store.Tests", "tests\KLL.Store.Tests\KLL.Store.Tests.csproj", "{A9557658-5440-469F-B6FF-FD097E9943D5}"
EndProject
Project("{FAE04EC0-301F-11D3-BF4B-00C04F79EFBC}") = "KLL.Pay.Tests", "tests\KLL.Pay.Tests\KLL.Pay.Tests.csproj", "{D5D337D5-98CF-4749-98EB-7821B6D5C301}"
EndProject
Project("{FAE04EC0-301F-11D3-BF4B-00C04F79EFBC}") = "KLL.Logistics.Tests", "tests\KLL.Logistics.Tests\KLL.Logistics.Tests.csproj", "{5FB454B0-F04E-434E-A9F7-880B331A7ECF}"
EndProject
Global
	GlobalSection(SolutionConfigurationPlatforms) = preSolution
		Debug|Any CPU = Debug|Any CPU
		Debug|x64 = Debug|x64
		Debug|x86 = Debug|x86
		Release|Any CPU = Release|Any CPU
		Release|x64 = Release|x64
		Release|x86 = Release|x86
	EndGlobalSection
	GlobalSection(ProjectConfigurationPlatforms) = postSolution
		{EECAB338-A96F-4260-8F85-67C769FCEC88}.Debug|Any CPU.ActiveCfg = Debug|Any CPU
		{EECAB338-A96F-4260-8F85-67C769FCEC88}.Debug|Any CPU.Build.0 = Debug|Any CPU
		{EECAB338-A96F-4260-8F85-67C769FCEC88}.Debug|x64.ActiveCfg = Debug|Any CPU
		{EECAB338-A96F-4260-8F85-67C769FCEC88}.Debug|x64.Build.0 = Debug|Any CPU
		{EECAB338-A96F-4260-8F85-67C769FCEC88}.Debug|x86.ActiveCfg = Debug|Any CPU
		{EECAB338-A96F-4260-8F85-67C769FCEC88}.Debug|x86.Build.0 = Debug|Any CPU
		{EECAB338-A96F-4260-8F85-67C769FCEC88}.Release|Any CPU.ActiveCfg = Release|Any CPU
		{EECAB338-A96F-4260-8F85-67C769FCEC88}.Release|Any CPU.Build.0 = Release|Any CPU
		{EECAB338-A96F-4260-8F85-67C769FCEC88}.Release|x64.ActiveCfg = Release|Any CPU
		{EECAB338-A96F-4260-8F85-67C769FCEC88}.Release|x64.Build.0 = Release|Any CPU
		{EECAB338-A96F-4260-8F85-67C769FCEC88}.Release|x86.ActiveCfg = Release|Any CPU
		{EECAB338-A96F-4260-8F85-67C769FCEC88}.Release|x86.Build.0 = Release|Any CPU
		{AB341CD2-4250-4D4E-934F-7D4B23711BBE}.Debug|Any CPU.ActiveCfg = Debug|Any CPU
		{AB341CD2-4250-4D4E-934F-7D4B23711BBE}.Debug|Any CPU.Build.0 = Debug|Any CPU
		{AB341CD2-4250-4D4E-934F-7D4B23711BBE}.Debug|x64.ActiveCfg = Debug|Any CPU
		{AB341CD2-4250-4D4E-934F-7D4B23711BBE}.Debug|x64.Build.0 = Debug|Any CPU
		{AB341CD2-4250-4D4E-934F-7D4B23711BBE}.Debug|x86.ActiveCfg = Debug|Any CPU
		{AB341CD2-4250-4D4E-934F-7D4B23711BBE}.Debug|x86.Build.0 = Debug|Any CPU
		{AB341CD2-4250-4D4E-934F-7D4B23711BBE}.Release|Any CPU.ActiveCfg = Release|Any CPU
		{AB341CD2-4250-4D4E-934F-7D4B23711BBE}.Release|Any CPU.Build.0 = Release|Any CPU
		{AB341CD2-4250-4D4E-934F-7D4B23711BBE}.Release|x64.ActiveCfg = Release|Any CPU
		{AB341CD2-4250-4D4E-934F-7D4B23711BBE}.Release|x64.Build.0 = Release|Any CPU
		{AB341CD2-4250-4D4E-934F-7D4B23711BBE}.Release|x86.ActiveCfg = Release|Any CPU
		{AB341CD2-4250-4D4E-934F-7D4B23711BBE}.Release|x86.Build.0 = Release|Any CPU
		{EAC36234-CB8B-41AC-B09F-A64DE476807A}.Debug|Any CPU.ActiveCfg = Debug|Any CPU
		{EAC36234-CB8B-41AC-B09F-A64DE476807A}.Debug|Any CPU.Build.0 = Debug|Any CPU
		{EAC36234-CB8B-41AC-B09F-A64DE476807A}.Debug|x64.ActiveCfg = Debug|Any CPU
		{EAC36234-CB8B-41AC-B09F-A64DE476807A}.Debug|x64.Build.0 = Debug|Any CPU
		{EAC36234-CB8B-41AC-B09F-A64DE476807A}.Debug|x86.ActiveCfg = Debug|Any CPU
		{EAC36234-CB8B-41AC-B09F-A64DE476807A}.Debug|x86.Build.0 = Debug|Any CPU
		{EAC36234-CB8B-41AC-B09F-A64DE476807A}.Release|Any CPU.ActiveCfg = Release|Any CPU
		{EAC36234-CB8B-41AC-B09F-A64DE476807A}.Release|Any CPU.Build.0 = Release|Any CPU
		{EAC36234-CB8B-41AC-B09F-A64DE476807A}.Release|x64.ActiveCfg = Release|Any CPU
		{EAC36234-CB8B-41AC-B09F-A64DE476807A}.Release|x64.Build.0 = Release|Any CPU
		{EAC36234-CB8B-41AC-B09F-A64DE476807A}.Release|x86.ActiveCfg = Release|Any CPU
		{EAC36234-CB8B-41AC-B09F-A64DE476807A}.Release|x86.Build.0 = Release|Any CPU
		{C46848C0-4C9A-4B20-8EDA-ED63A9F9E5A8}.Debug|Any CPU.ActiveCfg = Debug|Any CPU
		{C46848C0-4C9A-4B20-8EDA-ED63A9F9E5A8}.Debug|Any CPU.Build.0 = Debug|Any CPU
		{C46848C0-4C9A-4B20-8EDA-ED63A9F9E5A8}.Debug|x64.ActiveCfg = Debug|Any CPU
		{C46848C0-4C9A-4B20-8EDA-ED63A9F9E5A8}.Debug|x64.Build.0 = Debug|Any CPU
		{C46848C0-4C9A-4B20-8EDA-ED63A9F9E5A8}.Debug|x86.ActiveCfg = Debug|Any CPU
		{C46848C0-4C9A-4B20-8EDA-ED63A9F9E5A8}.Debug|x86.Build.0 = Debug|Any CPU
		{C46848C0-4C9A-4B20-8EDA-ED63A9F9E5A8}.Release|Any CPU.ActiveCfg = Release|Any CPU
		{C46848C0-4C9A-4B20-8EDA-ED63A9F9E5A8}.Release|Any CPU.Build.0 = Release|Any CPU
		{C46848C0-4C9A-4B20-8EDA-ED63A9F9E5A8}.Release|x64.ActiveCfg = Release|Any CPU
		{C46848C0-4C9A-4B20-8EDA-ED63A9F9E5A8}.Release|x64.Build.0 = Release|Any CPU
		{C46848C0-4C9A-4B20-8EDA-ED63A9F9E5A8}.Release|x86.ActiveCfg = Release|Any CPU
		{C46848C0-4C9A-4B20-8EDA-ED63A9F9E5A8}.Release|x86.Build.0 = Release|Any CPU
		{7833A031-A6D6-430B-82DF-4D6B5DC508FC}.Debug|Any CPU.ActiveCfg = Debug|Any CPU
		{7833A031-A6D6-430B-82DF-4D6B5DC508FC}.Debug|Any CPU.Build.0 = Debug|Any CPU
		{7833A031-A6D6-430B-82DF-4D6B5DC508FC}.Debug|x64.ActiveCfg = Debug|Any CPU
		{7833A031-A6D6-430B-82DF-4D6B5DC508FC}.Debug|x64.Build.0 = Debug|Any CPU
		{7833A031-A6D6-430B-82DF-4D6B5DC508FC}.Debug|x86.ActiveCfg = Debug|Any CPU
		{7833A031-A6D6-430B-82DF-4D6B5DC508FC}.Debug|x86.Build.0 = Debug|Any CPU
		{7833A031-A6D6-430B-82DF-4D6B5DC508FC}.Release|Any CPU.ActiveCfg = Release|Any CPU
		{7833A031-A6D6-430B-82DF-4D6B5DC508FC}.Release|Any CPU.Build.0 = Release|Any CPU
		{7833A031-A6D6-430B-82DF-4D6B5DC508FC}.Release|x64.ActiveCfg = Release|Any CPU
		{7833A031-A6D6-430B-82DF-4D6B5DC508FC}.Release|x64.Build.0 = Release|Any CPU
		{7833A031-A6D6-430B-82DF-4D6B5DC508FC}.Release|x86.ActiveCfg = Release|Any CPU
		{7833A031-A6D6-430B-82DF-4D6B5DC508FC}.Release|x86.Build.0 = Release|Any CPU
		{178F5B85-B250-4A2C-8395-1755A15F379C}.Debug|Any CPU.ActiveCfg = Debug|Any CPU
		{178F5B85-B250-4A2C-8395-1755A15F379C}.Debug|Any CPU.Build.0 = Debug|Any CPU
		{178F5B85-B250-4A2C-8395-1755A15F379C}.Debug|x64.ActiveCfg = Debug|Any CPU
		{178F5B85-B250-4A2C-8395-1755A15F379C}.Debug|x64.Build.0 = Debug|Any CPU
		{178F5B85-B250-4A2C-8395-1755A15F379C}.Debug|x86.ActiveCfg = Debug|Any CPU
		{178F5B85-B250-4A2C-8395-1755A15F379C}.Debug|x86.Build.0 = Debug|Any CPU
		{178F5B85-B250-4A2C-8395-1755A15F379C}.Release|Any CPU.ActiveCfg = Release|Any CPU
		{178F5B85-B250-4A2C-8395-1755A15F379C}.Release|Any CPU.Build.0 = Release|Any CPU
		{178F5B85-B250-4A2C-8395-1755A15F379C}.Release|x64.ActiveCfg = Release|Any CPU
		{178F5B85-B250-4A2C-8395-1755A15F379C}.Release|x64.Build.0 = Release|Any CPU
		{178F5B85-B250-4A2C-8395-1755A15F379C}.Release|x86.ActiveCfg = Release|Any CPU
		{178F5B85-B250-4A2C-8395-1755A15F379C}.Release|x86.Build.0 = Release|Any CPU
		{42FD2CB4-E6C9-45F2-846D-6E3916D59F8E}.Debug|Any CPU.ActiveCfg = Debug|Any CPU
		{42FD2CB4-E6C9-45F2-846D-6E3916D59F8E}.Debug|Any CPU.Build.0 = Debug|Any CPU
		{42FD2CB4-E6C9-45F2-846D-6E3916D59F8E}.Debug|x64.ActiveCfg = Debug|Any CPU
		{42FD2CB4-E6C9-45F2-846D-6E3916D59F8E}.Debug|x64.Build.0 = Debug|Any CPU
		{42FD2CB4-E6C9-45F2-846D-6E3916D59F8E}.Debug|x86.ActiveCfg = Debug|Any CPU
		{42FD2CB4-E6C9-45F2-846D-6E3916D59F8E}.Debug|x86.Build.0 = Debug|Any CPU
		{42FD2CB4-E6C9-45F2-846D-6E3916D59F8E}.Release|Any CPU.ActiveCfg = Release|Any CPU
		{42FD2CB4-E6C9-45F2-846D-6E3916D59F8E}.Release|Any CPU.Build.0 = Release|Any CPU
		{42FD2CB4-E6C9-45F2-846D-6E3916D59F8E}.Release|x64.ActiveCfg = Release|Any CPU
		{42FD2CB4-E6C9-45F2-846D-6E3916D59F8E}.Release|x64.Build.0 = Release|Any CPU
		{42FD2CB4-E6C9-45F2-846D-6E3916D59F8E}.Release|x86.ActiveCfg = Release|Any CPU
		{42FD2CB4-E6C9-45F2-846D-6E3916D59F8E}.Release|x86.Build.0 = Release|Any CPU
		{B26DF836-0170-47F1-952B-B829366C86DD}.Debug|Any CPU.ActiveCfg = Debug|Any CPU
		{B26DF836-0170-47F1-952B-B829366C86DD}.Debug|Any CPU.Build.0 = Debug|Any CPU
		{B26DF836-0170-47F1-952B-B829366C86DD}.Debug|x64.ActiveCfg = Debug|Any CPU
		{B26DF836-0170-47F1-952B-B829366C86DD}.Debug|x64.Build.0 = Debug|Any CPU
		{B26DF836-0170-47F1-952B-B829366C86DD}.Debug|x86.ActiveCfg = Debug|Any CPU
		{B26DF836-0170-47F1-952B-B829366C86DD}.Debug|x86.Build.0 = Debug|Any CPU
		{B26DF836-0170-47F1-952B-B829366C86DD}.Release|Any CPU.ActiveCfg = Release|Any CPU
		{B26DF836-0170-47F1-952B-B829366C86DD}.Release|Any CPU.Build.0 = Release|Any CPU
		{B26DF836-0170-47F1-952B-B829366C86DD}.Release|x64.ActiveCfg = Release|Any CPU
		{B26DF836-0170-47F1-952B-B829366C86DD}.Release|x64.Build.0 = Release|Any CPU
		{B26DF836-0170-47F1-952B-B829366C86DD}.Release|x86.ActiveCfg = Release|Any CPU
		{B26DF836-0170-47F1-952B-B829366C86DD}.Release|x86.Build.0 = Release|Any CPU
		{E7D96503-252F-425B-A364-A2F8429C423D}.Debug|Any CPU.ActiveCfg = Debug|Any CPU
		{E7D96503-252F-425B-A364-A2F8429C423D}.Debug|Any CPU.Build.0 = Debug|Any CPU
		{E7D96503-252F-425B-A364-A2F8429C423D}.Debug|x64.ActiveCfg = Debug|Any CPU
		{E7D96503-252F-425B-A364-A2F8429C423D}.Debug|x64.Build.0 = Debug|Any CPU
		{E7D96503-252F-425B-A364-A2F8429C423D}.Debug|x86.ActiveCfg = Debug|Any CPU
		{E7D96503-252F-425B-A364-A2F8429C423D}.Debug|x86.Build.0 = Debug|Any CPU
		{E7D96503-252F-425B-A364-A2F8429C423D}.Release|Any CPU.ActiveCfg = Release|Any CPU
		{E7D96503-252F-425B-A364-A2F8429C423D}.Release|Any CPU.Build.0 = Release|Any CPU
		{E7D96503-252F-425B-A364-A2F8429C423D}.Release|x64.ActiveCfg = Release|Any CPU
		{E7D96503-252F-425B-A364-A2F8429C423D}.Release|x64.Build.0 = Release|Any CPU
		{E7D96503-252F-425B-A364-A2F8429C423D}.Release|x86.ActiveCfg = Release|Any CPU
		{E7D96503-252F-425B-A364-A2F8429C423D}.Release|x86.Build.0 = Release|Any CPU
		{5377A806-CEC4-4B92-87B9-E5C8F724915C}.Debug|Any CPU.ActiveCfg = Debug|Any CPU
		{5377A806-CEC4-4B92-87B9-E5C8F724915C}.Debug|Any CPU.Build.0 = Debug|Any CPU
		{5377A806-CEC4-4B92-87B9-E5C8F724915C}.Debug|x64.ActiveCfg = Debug|Any CPU
		{5377A806-CEC4-4B92-87B9-E5C8F724915C}.Debug|x64.Build.0 = Debug|Any CPU
		{5377A806-CEC4-4B92-87B9-E5C8F724915C}.Debug|x86.ActiveCfg = Debug|Any CPU
		{5377A806-CEC4-4B92-87B9-E5C8F724915C}.Debug|x86.Build.0 = Debug|Any CPU
		{5377A806-CEC4-4B92-87B9-E5C8F724915C}.Release|Any CPU.ActiveCfg = Release|Any CPU
		{5377A806-CEC4-4B92-87B9-E5C8F724915C}.Release|Any CPU.Build.0 = Release|Any CPU
		{5377A806-CEC4-4B92-87B9-E5C8F724915C}.Release|x64.ActiveCfg = Release|Any CPU
		{5377A806-CEC4-4B92-87B9-E5C8F724915C}.Release|x64.Build.0 = Release|Any CPU
		{5377A806-CEC4-4B92-87B9-E5C8F724915C}.Release|x86.ActiveCfg = Release|Any CPU
		{5377A806-CEC4-4B92-87B9-E5C8F724915C}.Release|x86.Build.0 = Release|Any CPU
		{B321C145-14DE-49E4-A142-035B43F13259}.Debug|Any CPU.ActiveCfg = Debug|Any CPU
		{B321C145-14DE-49E4-A142-035B43F13259}.Debug|Any CPU.Build.0 = Debug|Any CPU
		{B321C145-14DE-49E4-A142-035B43F13259}.Debug|x64.ActiveCfg = Debug|Any CPU
		{B321C145-14DE-49E4-A142-035B43F13259}.Debug|x64.Build.0 = Debug|Any CPU
		{B321C145-14DE-49E4-A142-035B43F13259}.Debug|x86.ActiveCfg = Debug|Any CPU
		{B321C145-14DE-49E4-A142-035B43F13259}.Debug|x86.Build.0 = Debug|Any CPU
		{B321C145-14DE-49E4-A142-035B43F13259}.Release|Any CPU.ActiveCfg = Release|Any CPU
		{B321C145-14DE-49E4-A142-035B43F13259}.Release|Any CPU.Build.0 = Release|Any CPU
		{B321C145-14DE-49E4-A142-035B43F13259}.Release|x64.ActiveCfg = Release|Any CPU
		{B321C145-14DE-49E4-A142-035B43F13259}.Release|x64.Build.0 = Release|Any CPU
		{B321C145-14DE-49E4-A142-035B43F13259}.Release|x86.ActiveCfg = Release|Any CPU
		{B321C145-14DE-49E4-A142-035B43F13259}.Release|x86.Build.0 = Release|Any CPU
		{4177BA62-A888-4777-B5A2-E498F668D68B}.Debug|Any CPU.ActiveCfg = Debug|Any CPU
		{4177BA62-A888-4777-B5A2-E498F668D68B}.Debug|Any CPU.Build.0 = Debug|Any CPU
		{4177BA62-A888-4777-B5A2-E498F668D68B}.Debug|x64.ActiveCfg = Debug|Any CPU
		{4177BA62-A888-4777-B5A2-E498F668D68B}.Debug|x64.Build.0 = Debug|Any CPU
		{4177BA62-A888-4777-B5A2-E498F668D68B}.Debug|x86.ActiveCfg = Debug|Any CPU
		{4177BA62-A888-4777-B5A2-E498F668D68B}.Debug|x86.Build.0 = Debug|Any CPU
		{4177BA62-A888-4777-B5A2-E498F668D68B}.Release|Any CPU.ActiveCfg = Release|Any CPU
		{4177BA62-A888-4777-B5A2-E498F668D68B}.Release|Any CPU.Build.0 = Release|Any CPU
		{4177BA62-A888-4777-B5A2-E498F668D68B}.Release|x64.ActiveCfg = Release|Any CPU
		{4177BA62-A888-4777-B5A2-E498F668D68B}.Release|x64.Build.0 = Release|Any CPU
		{4177BA62-A888-4777-B5A2-E498F668D68B}.Release|x86.ActiveCfg = Release|Any CPU
		{4177BA62-A888-4777-B5A2-E498F668D68B}.Release|x86.Build.0 = Release|Any CPU
		{BBFC299D-A69E-4CE6-9130-7213933AC097}.Debug|Any CPU.ActiveCfg = Debug|Any CPU
		{BBFC299D-A69E-4CE6-9130-7213933AC097}.Debug|Any CPU.Build.0 = Debug|Any CPU
		{BBFC299D-A69E-4CE6-9130-7213933AC097}.Debug|x64.ActiveCfg = Debug|Any CPU
		{BBFC299D-A69E-4CE6-9130-7213933AC097}.Debug|x64.Build.0 = Debug|Any CPU
		{BBFC299D-A69E-4CE6-9130-7213933AC097}.Debug|x86.ActiveCfg = Debug|Any CPU
		{BBFC299D-A69E-4CE6-9130-7213933AC097}.Debug|x86.Build.0 = Debug|Any CPU
		{BBFC299D-A69E-4CE6-9130-7213933AC097}.Release|Any CPU.ActiveCfg = Release|Any CPU
		{BBFC299D-A69E-4CE6-9130-7213933AC097}.Release|Any CPU.Build.0 = Release|Any CPU
		{BBFC299D-A69E-4CE6-9130-7213933AC097}.Release|x64.ActiveCfg = Release|Any CPU
		{BBFC299D-A69E-4CE6-9130-7213933AC097}.Release|x64.Build.0 = Release|Any CPU
		{BBFC299D-A69E-4CE6-9130-7213933AC097}.Release|x86.ActiveCfg = Release|Any CPU
		{BBFC299D-A69E-4CE6-9130-7213933AC097}.Release|x86.Build.0 = Release|Any CPU
		{56A11E8D-61F6-4726-82AF-113C0BCD895A}.Debug|Any CPU.ActiveCfg = Debug|Any CPU
		{56A11E8D-61F6-4726-82AF-113C0BCD895A}.Debug|Any CPU.Build.0 = Debug|Any CPU
		{56A11E8D-61F6-4726-82AF-113C0BCD895A}.Debug|x64.ActiveCfg = Debug|Any CPU
		{56A11E8D-61F6-4726-82AF-113C0BCD895A}.Debug|x64.Build.0 = Debug|Any CPU
		{56A11E8D-61F6-4726-82AF-113C0BCD895A}.Debug|x86.ActiveCfg = Debug|Any CPU
		{56A11E8D-61F6-4726-82AF-113C0BCD895A}.Debug|x86.Build.0 = Debug|Any CPU
		{56A11E8D-61F6-4726-82AF-113C0BCD895A}.Release|Any CPU.ActiveCfg = Release|Any CPU
		{56A11E8D-61F6-4726-82AF-113C0BCD895A}.Release|Any CPU.Build.0 = Release|Any CPU
		{56A11E8D-61F6-4726-82AF-113C0BCD895A}.Release|x64.ActiveCfg = Release|Any CPU
		{56A11E8D-61F6-4726-82AF-113C0BCD895A}.Release|x64.Build.0 = Release|Any CPU
		{56A11E8D-61F6-4726-82AF-113C0BCD895A}.Release|x86.ActiveCfg = Release|Any CPU
		{56A11E8D-61F6-4726-82AF-113C0BCD895A}.Release|x86.Build.0 = Release|Any CPU
		{FAB5E2B3-7E85-4BE7-AA47-EF35BAFCB218}.Debug|Any CPU.ActiveCfg = Debug|Any CPU
		{FAB5E2B3-7E85-4BE7-AA47-EF35BAFCB218}.Debug|Any CPU.Build.0 = Debug|Any CPU
		{FAB5E2B3-7E85-4BE7-AA47-EF35BAFCB218}.Debug|x64.ActiveCfg = Debug|Any CPU
		{FAB5E2B3-7E85-4BE7-AA47-EF35BAFCB218}.Debug|x64.Build.0 = Debug|Any CPU
		{FAB5E2B3-7E85-4BE7-AA47-EF35BAFCB218}.Debug|x86.ActiveCfg = Debug|Any CPU
		{FAB5E2B3-7E85-4BE7-AA47-EF35BAFCB218}.Debug|x86.Build.0 = Debug|Any CPU
		{FAB5E2B3-7E85-4BE7-AA47-EF35BAFCB218}.Release|Any CPU.ActiveCfg = Release|Any CPU
		{FAB5E2B3-7E85-4BE7-AA47-EF35BAFCB218}.Release|Any CPU.Build.0 = Release|Any CPU
		{FAB5E2B3-7E85-4BE7-AA47-EF35BAFCB218}.Release|x64.ActiveCfg = Release|Any CPU
		{FAB5E2B3-7E85-4BE7-AA47-EF35BAFCB218}.Release|x64.Build.0 = Release|Any CPU
		{FAB5E2B3-7E85-4BE7-AA47-EF35BAFCB218}.Release|x86.ActiveCfg = Release|Any CPU
		{FAB5E2B3-7E85-4BE7-AA47-EF35BAFCB218}.Release|x86.Build.0 = Release|Any CPU
		{AC7C2557-8663-4076-825E-C4493F08E9B8}.Debug|Any CPU.ActiveCfg = Debug|Any CPU
		{AC7C2557-8663-4076-825E-C4493F08E9B8}.Debug|Any CPU.Build.0 = Debug|Any CPU
		{AC7C2557-8663-4076-825E-C4493F08E9B8}.Debug|x64.ActiveCfg = Debug|Any CPU
		{AC7C2557-8663-4076-825E-C4493F08E9B8}.Debug|x64.Build.0 = Debug|Any CPU
		{AC7C2557-8663-4076-825E-C4493F08E9B8}.Debug|x86.ActiveCfg = Debug|Any CPU
		{AC7C2557-8663-4076-825E-C4493F08E9B8}.Debug|x86.Build.0 = Debug|Any CPU
		{AC7C2557-8663-4076-825E-C4493F08E9B8}.Release|Any CPU.ActiveCfg = Release|Any CPU
		{AC7C2557-8663-4076-825E-C4493F08E9B8}.Release|Any CPU.Build.0 = Release|Any CPU
		{AC7C2557-8663-4076-825E-C4493F08E9B8}.Release|x64.ActiveCfg = Release|Any CPU
		{AC7C2557-8663-4076-825E-C4493F08E9B8}.Release|x64.Build.0 = Release|Any CPU
		{AC7C2557-8663-4076-825E-C4493F08E9B8}.Release|x86.ActiveCfg = Release|Any CPU
		{AC7C2557-8663-4076-825E-C4493F08E9B8}.Release|x86.Build.0 = Release|Any CPU
		{07508546-855A-4633-981F-44B1E54966F5}.Debug|Any CPU.ActiveCfg = Debug|Any CPU
		{07508546-855A-4633-981F-44B1E54966F5}.Debug|Any CPU.Build.0 = Debug|Any CPU
		{07508546-855A-4633-981F-44B1E54966F5}.Debug|x64.ActiveCfg = Debug|Any CPU
		{07508546-855A-4633-981F-44B1E54966F5}.Debug|x64.Build.0 = Debug|Any CPU
		{07508546-855A-4633-981F-44B1E54966F5}.Debug|x86.ActiveCfg = Debug|Any CPU
		{07508546-855A-4633-981F-44B1E54966F5}.Debug|x86.Build.0 = Debug|Any CPU
		{07508546-855A-4633-981F-44B1E54966F5}.Release|Any CPU.ActiveCfg = Release|Any CPU
		{07508546-855A-4633-981F-44B1E54966F5}.Release|Any CPU.Build.0 = Release|Any CPU
		{07508546-855A-4633-981F-44B1E54966F5}.Release|x64.ActiveCfg = Release|Any CPU
		{07508546-855A-4633-981F-44B1E54966F5}.Release|x64.Build.0 = Release|Any CPU
		{07508546-855A-4633-981F-44B1E54966F5}.Release|x86.ActiveCfg = Release|Any CPU
		{07508546-855A-4633-981F-44B1E54966F5}.Release|x86.Build.0 = Release|Any CPU
		{A53ACBD4-AC75-4638-BD6A-B48860D76170}.Debug|Any CPU.ActiveCfg = Debug|Any CPU
		{A53ACBD4-AC75-4638-BD6A-B48860D76170}.Debug|Any CPU.Build.0 = Debug|Any CPU
		{A53ACBD4-AC75-4638-BD6A-B48860D76170}.Debug|x64.ActiveCfg = Debug|Any CPU
		{A53ACBD4-AC75-4638-BD6A-B48860D76170}.Debug|x64.Build.0 = Debug|Any CPU
		{A53ACBD4-AC75-4638-BD6A-B48860D76170}.Debug|x86.ActiveCfg = Debug|Any CPU
		{A53ACBD4-AC75-4638-BD6A-B48860D76170}.Debug|x86.Build.0 = Debug|Any CPU
		{A53ACBD4-AC75-4638-BD6A-B48860D76170}.Release|Any CPU.ActiveCfg = Release|Any CPU
		{A53ACBD4-AC75-4638-BD6A-B48860D76170}.Release|Any CPU.Build.0 = Release|Any CPU
		{A53ACBD4-AC75-4638-BD6A-B48860D76170}.Release|x64.ActiveCfg = Release|Any CPU
		{A53ACBD4-AC75-4638-BD6A-B48860D76170}.Release|x64.Build.0 = Release|Any CPU
		{A53ACBD4-AC75-4638-BD6A-B48860D76170}.Release|x86.ActiveCfg = Release|Any CPU
		{A53ACBD4-AC75-4638-BD6A-B48860D76170}.Release|x86.Build.0 = Release|Any CPU
		{8DB72D00-1277-4E1B-A400-D53F60A3EC6F}.Debug|Any CPU.ActiveCfg = Debug|Any CPU
		{8DB72D00-1277-4E1B-A400-D53F60A3EC6F}.Debug|Any CPU.Build.0 = Debug|Any CPU
		{8DB72D00-1277-4E1B-A400-D53F60A3EC6F}.Debug|x64.ActiveCfg = Debug|Any CPU
		{8DB72D00-1277-4E1B-A400-D53F60A3EC6F}.Debug|x64.Build.0 = Debug|Any CPU
		{8DB72D00-1277-4E1B-A400-D53F60A3EC6F}.Debug|x86.ActiveCfg = Debug|Any CPU
		{8DB72D00-1277-4E1B-A400-D53F60A3EC6F}.Debug|x86.Build.0 = Debug|Any CPU
		{8DB72D00-1277-4E1B-A400-D53F60A3EC6F}.Release|Any CPU.ActiveCfg = Release|Any CPU
		{8DB72D00-1277-4E1B-A400-D53F60A3EC6F}.Release|Any CPU.Build.0 = Release|Any CPU
		{8DB72D00-1277-4E1B-A400-D53F60A3EC6F}.Release|x64.ActiveCfg = Release|Any CPU
		{8DB72D00-1277-4E1B-A400-D53F60A3EC6F}.Release|x64.Build.0 = Release|Any CPU
		{8DB72D00-1277-4E1B-A400-D53F60A3EC6F}.Release|x86.ActiveCfg = Release|Any CPU
		{8DB72D00-1277-4E1B-A400-D53F60A3EC6F}.Release|x86.Build.0 = Release|Any CPU
		{A9557658-5440-469F-B6FF-FD097E9943D5}.Debug|Any CPU.ActiveCfg = Debug|Any CPU
		{A9557658-5440-469F-B6FF-FD097E9943D5}.Debug|Any CPU.Build.0 = Debug|Any CPU
		{A9557658-5440-469F-B6FF-FD097E9943D5}.Debug|x64.ActiveCfg = Debug|Any CPU
		{A9557658-5440-469F-B6FF-FD097E9943D5}.Debug|x64.Build.0 = Debug|Any CPU
		{A9557658-5440-469F-B6FF-FD097E9943D5}.Debug|x86.ActiveCfg = Debug|Any CPU
		{A9557658-5440-469F-B6FF-FD097E9943D5}.Debug|x86.Build.0 = Debug|Any CPU
		{A9557658-5440-469F-B6FF-FD097E9943D5}.Release|Any CPU.ActiveCfg = Release|Any CPU
		{A9557658-5440-469F-B6FF-FD097E9943D5}.Release|Any CPU.Build.0 = Release|Any CPU
		{A9557658-5440-469F-B6FF-FD097E9943D5}.Release|x64.ActiveCfg = Release|Any CPU
		{A9557658-5440-469F-B6FF-FD097E9943D5}.Release|x64.Build.0 = Release|Any CPU
		{A9557658-5440-469F-B6FF-FD097E9943D5}.Release|x86.ActiveCfg = Release|Any CPU
		{A9557658-5440-469F-B6FF-FD097E9943D5}.Release|x86.Build.0 = Release|Any CPU
		{D5D337D5-98CF-4749-98EB-7821B6D5C301}.Debug|Any CPU.ActiveCfg = Debug|Any CPU
		{D5D337D5-98CF-4749-98EB-7821B6D5C301}.Debug|Any CPU.Build.0 = Debug|Any CPU
		{D5D337D5-98CF-4749-98EB-7821B6D5C301}.Debug|x64.ActiveCfg = Debug|Any CPU
		{D5D337D5-98CF-4749-98EB-7821B6D5C301}.Debug|x64.Build.0 = Debug|Any CPU
		{D5D337D5-98CF-4749-98EB-7821B6D5C301}.Debug|x86.ActiveCfg = Debug|Any CPU
		{D5D337D5-98CF-4749-98EB-7821B6D5C301}.Debug|x86.Build.0 = Debug|Any CPU
		{D5D337D5-98CF-4749-98EB-7821B6D5C301}.Release|Any CPU.ActiveCfg = Release|Any CPU
		{D5D337D5-98CF-4749-98EB-7821B6D5C301}.Release|Any CPU.Build.0 = Release|Any CPU
		{D5D337D5-98CF-4749-98EB-7821B6D5C301}.Release|x64.ActiveCfg = Release|Any CPU
		{D5D337D5-98CF-4749-98EB-7821B6D5C301}.Release|x64.Build.0 = Release|Any CPU
		{D5D337D5-98CF-4749-98EB-7821B6D5C301}.Release|x86.ActiveCfg = Release|Any CPU
		{D5D337D5-98CF-4749-98EB-7821B6D5C301}.Release|x86.Build.0 = Release|Any CPU
		{5FB454B0-F04E-434E-A9F7-880B331A7ECF}.Debug|Any CPU.ActiveCfg = Debug|Any CPU
		{5FB454B0-F04E-434E-A9F7-880B331A7ECF}.Debug|Any CPU.Build.0 = Debug|Any CPU
		{5FB454B0-F04E-434E-A9F7-880B331A7ECF}.Debug|x64.ActiveCfg = Debug|Any CPU
		{5FB454B0-F04E-434E-A9F7-880B331A7ECF}.Debug|x64.Build.0 = Debug|Any CPU
		{5FB454B0-F04E-434E-A9F7-880B331A7ECF}.Debug|x86.ActiveCfg = Debug|Any CPU
		{5FB454B0-F04E-434E-A9F7-880B331A7ECF}.Debug|x86.Build.0 = Debug|Any CPU
		{5FB454B0-F04E-434E-A9F7-880B331A7ECF}.Release|Any CPU.ActiveCfg = Release|Any CPU
		{5FB454B0-F04E-434E-A9F7-880B331A7ECF}.Release|Any CPU.Build.0 = Release|Any CPU
		{5FB454B0-F04E-434E-A9F7-880B331A7ECF}.Release|x64.ActiveCfg = Release|Any CPU
		{5FB454B0-F04E-434E-A9F7-880B331A7ECF}.Release|x64.Build.0 = Release|Any CPU
		{5FB454B0-F04E-434E-A9F7-880B331A7ECF}.Release|x86.ActiveCfg = Release|Any CPU
		{5FB454B0-F04E-434E-A9F7-880B331A7ECF}.Release|x86.Build.0 = Release|Any CPU
	EndGlobalSection
	GlobalSection(SolutionProperties) = preSolution
		HideSolutionNode = FALSE
	EndGlobalSection
	GlobalSection(NestedProjects) = preSolution
		{90298CBA-BD6F-3A0A-69D5-97CAD7B05E7E} = {827E0CD3-B72D-47B6-A68D-7590B98EB39B}
		{EECAB338-A96F-4260-8F85-67C769FCEC88} = {90298CBA-BD6F-3A0A-69D5-97CAD7B05E7E}
		{AB341CD2-4250-4D4E-934F-7D4B23711BBE} = {90298CBA-BD6F-3A0A-69D5-97CAD7B05E7E}
		{EAC36234-CB8B-41AC-B09F-A64DE476807A} = {90298CBA-BD6F-3A0A-69D5-97CAD7B05E7E}
		{C46848C0-4C9A-4B20-8EDA-ED63A9F9E5A8} = {90298CBA-BD6F-3A0A-69D5-97CAD7B05E7E}
		{7833A031-A6D6-430B-82DF-4D6B5DC508FC} = {90298CBA-BD6F-3A0A-69D5-97CAD7B05E7E}
		{984BB9B3-3FA3-BE33-9484-CAC21695A33C} = {827E0CD3-B72D-47B6-A68D-7590B98EB39B}
		{7260728E-B00A-B5BC-7F87-EF7747535814} = {984BB9B3-3FA3-BE33-9484-CAC21695A33C}
		{178F5B85-B250-4A2C-8395-1755A15F379C} = {7260728E-B00A-B5BC-7F87-EF7747535814}
		{42FD2CB4-E6C9-45F2-846D-6E3916D59F8E} = {7260728E-B00A-B5BC-7F87-EF7747535814}
		{B26DF836-0170-47F1-952B-B829366C86DD} = {7260728E-B00A-B5BC-7F87-EF7747535814}
		{E7D96503-252F-425B-A364-A2F8429C423D} = {7260728E-B00A-B5BC-7F87-EF7747535814}
		{558359CF-DA3C-B651-F600-3BDF8CB29BE2} = {984BB9B3-3FA3-BE33-9484-CAC21695A33C}
		{5377A806-CEC4-4B92-87B9-E5C8F724915C} = {558359CF-DA3C-B651-F600-3BDF8CB29BE2}
		{B321C145-14DE-49E4-A142-035B43F13259} = {558359CF-DA3C-B651-F600-3BDF8CB29BE2}
		{4177BA62-A888-4777-B5A2-E498F668D68B} = {558359CF-DA3C-B651-F600-3BDF8CB29BE2}
		{BBFC299D-A69E-4CE6-9130-7213933AC097} = {558359CF-DA3C-B651-F600-3BDF8CB29BE2}
		{45D5E7BA-B554-34FF-D8A5-43719F56F5D3} = {984BB9B3-3FA3-BE33-9484-CAC21695A33C}
		{56A11E8D-61F6-4726-82AF-113C0BCD895A} = {45D5E7BA-B554-34FF-D8A5-43719F56F5D3}
		{FAB5E2B3-7E85-4BE7-AA47-EF35BAFCB218} = {45D5E7BA-B554-34FF-D8A5-43719F56F5D3}
		{AC7C2557-8663-4076-825E-C4493F08E9B8} = {45D5E7BA-B554-34FF-D8A5-43719F56F5D3}
		{07508546-855A-4633-981F-44B1E54966F5} = {45D5E7BA-B554-34FF-D8A5-43719F56F5D3}
		{A53ACBD4-AC75-4638-BD6A-B48860D76170} = {984BB9B3-3FA3-BE33-9484-CAC21695A33C}
		{03997797-E7F5-0643-168D-B8EA7178C2FE} = {827E0CD3-B72D-47B6-A68D-7590B98EB39B}
		{8DB72D00-1277-4E1B-A400-D53F60A3EC6F} = {03997797-E7F5-0643-168D-B8EA7178C2FE}
		{A9557658-5440-469F-B6FF-FD097E9943D5} = {0AB3BF05-4346-4AA6-1389-037BE0695223}
		{D5D337D5-98CF-4749-98EB-7821B6D5C301} = {0AB3BF05-4346-4AA6-1389-037BE0695223}
		{5FB454B0-F04E-434E-A9F7-880B331A7ECF} = {0AB3BF05-4346-4AA6-1389-037BE0695223}
	EndGlobalSection
EndGlobal
