
Microsoft Visual Studio Solution File, Format Version 12.00
# Visual Studio Version 17
VisualStudioVersion = 17.0.31903.59
MinimumVisualStudioVersion = 10.0.40219.1
Project("{2150E333-8FDC-42A3-9474-1A3956D46DE8}") = "BuildingBlocks", "BuildingBlocks", "{A1000000-0000-0000-0000-000000000001}"
EndProject
Project("{2150E333-8FDC-42A3-9474-1A3956D46DE8}") = "Services", "Services", "{A2000000-0000-0000-0000-000000000002}"
EndProject
Project("{FAE04EC0-301F-11D3-BF4B-00C04F79EFBC}") = "KLL.BuildingBlocks.CQRS", "src\BuildingBlocks\KLL.BuildingBlocks.CQRS\KLL.BuildingBlocks.CQRS.csproj", "{FBC945AB-166D-43A2-B831-F69DAFB8D709}"
EndProject
Project("{FAE04EC0-301F-11D3-BF4B-00C04F79EFBC}") = "KLL.BuildingBlocks.Outbox", "src\BuildingBlocks\KLL.BuildingBlocks.Outbox\KLL.BuildingBlocks.Outbox.csproj", "{01EEB0F2-EC83-4F7D-971E-A8870B7B9589}"
EndProject
Project("{FAE04EC0-301F-11D3-BF4B-00C04F79EFBC}") = "KLL.BuildingBlocks.Domain", "src\BuildingBlocks\KLL.BuildingBlocks.Domain\KLL.BuildingBlocks.Domain.csproj", "{A28477CE-E31F-4381-8874-BD40765DA690}"
EndProject
Project("{FAE04EC0-301F-11D3-BF4B-00C04F79EFBC}") = "KLL.BuildingBlocks.EventBus", "src\BuildingBlocks\KLL.BuildingBlocks.EventBus\KLL.BuildingBlocks.EventBus.csproj", "{0716F955-F9DF-413C-91B6-210E65BBF228}"
EndProject
Project("{FAE04EC0-301F-11D3-BF4B-00C04F79EFBC}") = "KLL.BuildingBlocks.Infrastructure", "src\BuildingBlocks\KLL.BuildingBlocks.Infrastructure\KLL.BuildingBlocks.Infrastructure.csproj", "{DC1628D8-163F-4A71-8E17-2AB4F3F19A6A}"
EndProject
Project("{2150E333-8FDC-42A3-9474-1A3956D46DE8}") = "Store", "Store", "{205E130F-69FA-66A7-61F3-002487D33FFE}"
EndProject
Project("{FAE04EC0-301F-11D3-BF4B-00C04F79EFBC}") = "KLL.Store.Api", "src\Services\KLL.Store\KLL.Store.Api\KLL.Store.Api.csproj", "{FF3588A6-4B31-4927-B6B0-67F93218D74E}"
EndProject
Project("{FAE04EC0-301F-11D3-BF4B-00C04F79EFBC}") = "KLL.Store.Application", "src\Services\KLL.Store\KLL.Store.Application\KLL.Store.Application.csproj", "{675AFDCB-5C51-434D-9D6D-C417EB53A80F}"
EndProject
Project("{FAE04EC0-301F-11D3-BF4B-00C04F79EFBC}") = "KLL.Store.Domain", "src\Services\KLL.Store\KLL.Store.Domain\KLL.Store.Domain.csproj", "{52C746B4-BA15-413E-997A-CFD5DEF7B2E6}"
EndProject
Project("{FAE04EC0-301F-11D3-BF4B-00C04F79EFBC}") = "KLL.Store.Infra.Data", "src\Services\KLL.Store\KLL.Store.Infra.Data\KLL.Store.Infra.Data.csproj", "{B439921E-F560-40B0-B3E3-757CFEE36F71}"
EndProject
Project("{2150E333-8FDC-42A3-9474-1A3956D46DE8}") = "Pay", "Pay", "{4CCEC026-B5D8-60F9-F5B2-7DC0C417DAF0}"
EndProject
Project("{FAE04EC0-301F-11D3-BF4B-00C04F79EFBC}") = "KLL.Pay.Api", "src\Services\KLL.Pay\KLL.Pay.Api\KLL.Pay.Api.csproj", "{2F59EDA9-F48E-4343-ACA5-57FC94443958}"
EndProject
Project("{FAE04EC0-301F-11D3-BF4B-00C04F79EFBC}") = "KLL.Pay.Application", "src\Services\KLL.Pay\KLL.Pay.Application\KLL.Pay.Application.csproj", "{50BE8C57-DA28-4369-BE90-773026DE1588}"
EndProject
Project("{FAE04EC0-301F-11D3-BF4B-00C04F79EFBC}") = "KLL.Pay.Domain", "src\Services\KLL.Pay\KLL.Pay.Domain\KLL.Pay.Domain.csproj", "{F42D53AA-DA45-4CDE-A2F1-A7DD35358BDD}"
EndProject
Project("{FAE04EC0-301F-11D3-BF4B-00C04F79EFBC}") = "KLL.Pay.Infra.Data", "src\Services\KLL.Pay\KLL.Pay.Infra.Data\KLL.Pay.Infra.Data.csproj", "{B617C1D8-CD07-4888-A4FB-D6E941AAC3DF}"
EndProject
Project("{2150E333-8FDC-42A3-9474-1A3956D46DE8}") = "Logistics", "Logistics", "{9BB949CF-68DD-DB61-1969-8F4705885344}"
EndProject
Project("{FAE04EC0-301F-11D3-BF4B-00C04F79EFBC}") = "KLL.Logistics.Api", "src\Services\KLL.Logistics\KLL.Logistics.Api\KLL.Logistics.Api.csproj", "{3350C1E8-C241-4393-987E-0BAEEDCE9849}"
EndProject
Project("{FAE04EC0-301F-11D3-BF4B-00C04F79EFBC}") = "KLL.Logistics.Application", "src\Services\KLL.Logistics\KLL.Logistics.Application\KLL.Logistics.Application.csproj", "{5109D278-1270-4E33-AAF9-478FA4A0483A}"
EndProject
Project("{FAE04EC0-301F-11D3-BF4B-00C04F79EFBC}") = "KLL.Logistics.Domain", "src\Services\KLL.Logistics\KLL.Logistics.Domain\KLL.Logistics.Domain.csproj", "{8E754E5A-B78A-4B33-BDC5-5E22CABE9DC3}"
EndProject
Project("{FAE04EC0-301F-11D3-BF4B-00C04F79EFBC}") = "KLL.Logistics.Infra.Data", "src\Services\KLL.Logistics\KLL.Logistics.Infra.Data\KLL.Logistics.Infra.Data.csproj", "{CF312772-AA40-43FD-8875-07F2247DD03A}"
EndProject
Project("{FAE04EC0-301F-11D3-BF4B-00C04F79EFBC}") = "KLL.Gateway", "src\Services\KLL.Gateway\KLL.Gateway.csproj", "{D077F87F-BA91-4FFF-9A59-9A38B9658235}"
EndProject
Project("{FAE04EC0-301F-11D3-BF4B-00C04F79EFBC}") = "KLL.Notifications.Worker", "src\Services\KLL.Notifications\KLL.Notifications.Worker\KLL.Notifications.Worker.csproj", "{9F904276-95B4-473C-9DD3-5D95D0B10C32}"
EndProject
Project("{2150E333-8FDC-42A3-9474-1A3956D46DE8}") = "Tests", "Tests", "{0AB3BF05-4346-4AA6-1389-037BE0695223}"
EndProject
Project("{FAE04EC0-301F-11D3-BF4B-00C04F79EFBC}") = "KLL.Store.Tests", "tests\KLL.Store.Tests\KLL.Store.Tests.csproj", "{BB7DC57F-D1E6-444A-A4CE-E784B2B04B48}"
EndProject
Project("{FAE04EC0-301F-11D3-BF4B-00C04F79EFBC}") = "KLL.Pay.Tests", "tests\KLL.Pay.Tests\KLL.Pay.Tests.csproj", "{0B9157FB-830C-468C-9ADF-0557D8000CAD}"
EndProject
Project("{FAE04EC0-301F-11D3-BF4B-00C04F79EFBC}") = "KLL.Logistics.Tests", "tests\KLL.Logistics.Tests\KLL.Logistics.Tests.csproj", "{4BE0CE40-DCBA-4C2D-ABC8-4F051470A0E2}"
EndProject
Project("{FAE04EC0-301F-11D3-BF4B-00C04F79EFBC}") = "KLL.Store.IntegrationTests", "tests\KLL.Store.IntegrationTests\KLL.Store.IntegrationTests.csproj", "{4F096F03-88B7-4CC1-9F01-225561940D3A}"
EndProject
Global
	GlobalSection(SolutionConfigurationPlatforms) = preSolution
		Debug|Any CPU = Debug|Any CPU
		Debug|x64 = Debug|x64
		Debug|x86 = Debug|x86
		Release|Any CPU = Release|Any CPU
		Release|x64 = Release|x64
		Release|x86 = Release|x86
	EndGlobalSection
	GlobalSection(ProjectConfigurationPlatforms) = postSolution
		{FBC945AB-166D-43A2-B831-F69DAFB8D709}.Debug|Any CPU.ActiveCfg = Debug|Any CPU
		{FBC945AB-166D-43A2-B831-F69DAFB8D709}.Debug|Any CPU.Build.0 = Debug|Any CPU
		{FBC945AB-166D-43A2-B831-F69DAFB8D709}.Debug|x64.ActiveCfg = Debug|Any CPU
		{FBC945AB-166D-43A2-B831-F69DAFB8D709}.Debug|x64.Build.0 = Debug|Any CPU
		{FBC945AB-166D-43A2-B831-F69DAFB8D709}.Debug|x86.ActiveCfg = Debug|Any CPU
		{FBC945AB-166D-43A2-B831-F69DAFB8D709}.Debug|x86.Build.0 = Debug|Any CPU
		{FBC945AB-166D-43A2-B831-F69DAFB8D709}.Release|Any CPU.ActiveCfg = Release|Any CPU
		{FBC945AB-166D-43A2-B831-F69DAFB8D709}.Release|Any CPU.Build.0 = Release|Any CPU
		{FBC945AB-166D-43A2-B831-F69DAFB8D709}.Release|x64.ActiveCfg = Release|Any CPU
		{FBC945AB-166D-43A2-B831-F69DAFB8D709}.Release|x64.Build.0 = Release|Any CPU
		{FBC945AB-166D-43A2-B831-F69DAFB8D709}.Release|x86.ActiveCfg = Release|Any CPU
		{FBC945AB-166D-43A2-B831-F69DAFB8D709}.Release|x86.Build.0 = Release|Any CPU
		{01EEB0F2-EC83-4F7D-971E-A8870B7B9589}.Debug|Any CPU.ActiveCfg = Debug|Any CPU
		{01EEB0F2-EC83-4F7D-971E-A8870B7B9589}.Debug|Any CPU.Build.0 = Debug|Any CPU
		{01EEB0F2-EC83-4F7D-971E-A8870B7B9589}.Debug|x64.ActiveCfg = Debug|Any CPU
		{01EEB0F2-EC83-4F7D-971E-A8870B7B9589}.Debug|x64.Build.0 = Debug|Any CPU
		{01EEB0F2-EC83-4F7D-971E-A8870B7B9589}.Debug|x86.ActiveCfg = Debug|Any CPU
		{01EEB0F2-EC83-4F7D-971E-A8870B7B9589}.Debug|x86.Build.0 = Debug|Any CPU
		{01EEB0F2-EC83-4F7D-971E-A8870B7B9589}.Release|Any CPU.ActiveCfg = Release|Any CPU
		{01EEB0F2-EC83-4F7D-971E-A8870B7B9589}.Release|Any CPU.Build.0 = Release|Any CPU
		{01EEB0F2-EC83-4F7D-971E-A8870B7B9589}.Release|x64.ActiveCfg = Release|Any CPU
		{01EEB0F2-EC83-4F7D-971E-A8870B7B9589}.Release|x64.Build.0 = Release|Any CPU
		{01EEB0F2-EC83-4F7D-971E-A8870B7B9589}.Release|x86.ActiveCfg = Release|Any CPU
		{01EEB0F2-EC83-4F7D-971E-A8870B7B9589}.Release|x86.Build.0 = Release|Any CPU
		{A28477CE-E31F-4381-8874-BD40765DA690}.Debug|Any CPU.ActiveCfg = Debug|Any CPU
		{A28477CE-E31F-4381-8874-BD40765DA690}.Debug|Any CPU.Build.0 = Debug|Any CPU
		{A28477CE-E31F-4381-8874-BD40765DA690}.Debug|x64.ActiveCfg = Debug|Any CPU
		{A28477CE-E31F-4381-8874-BD40765DA690}.Debug|x64.Build.0 = Debug|Any CPU
		{A28477CE-E31F-4381-8874-BD40765DA690}.Debug|x86.ActiveCfg = Debug|Any CPU
		{A28477CE-E31F-4381-8874-BD40765DA690}.Debug|x86.Build.0 = Debug|Any CPU
		{A28477CE-E31F-4381-8874-BD40765DA690}.Release|Any CPU.ActiveCfg = Release|Any CPU
		{A28477CE-E31F-4381-8874-BD40765DA690}.Release|Any CPU.Build.0 = Release|Any CPU
		{A28477CE-E31F-4381-8874-BD40765DA690}.Release|x64.ActiveCfg = Release|Any CPU
		{A28477CE-E31F-4381-8874-BD40765DA690}.Release|x64.Build.0 = Release|Any CPU
		{A28477CE-E31F-4381-8874-BD40765DA690}.Release|x86.ActiveCfg = Release|Any CPU
		{A28477CE-E31F-4381-8874-BD40765DA690}.Release|x86.Build.0 = Release|Any CPU
		{0716F955-F9DF-413C-91B6-210E65BBF228}.Debug|Any CPU.ActiveCfg = Debug|Any CPU
		{0716F955-F9DF-413C-91B6-210E65BBF228}.Debug|Any CPU.Build.0 = Debug|Any CPU
		{0716F955-F9DF-413C-91B6-210E65BBF228}.Debug|x64.ActiveCfg = Debug|Any CPU
		{0716F955-F9DF-413C-91B6-210E65BBF228}.Debug|x64.Build.0 = Debug|Any CPU
		{0716F955-F9DF-413C-91B6-210E65BBF228}.Debug|x86.ActiveCfg = Debug|Any CPU
		{0716F955-F9DF-413C-91B6-210E65BBF228}.Debug|x86.Build.0 = Debug|Any CPU
		{0716F955-F9DF-413C-91B6-210E65BBF228}.Release|Any CPU.ActiveCfg = Release|Any CPU
		{0716F955-F9DF-413C-91B6-210E65BBF228}.Release|Any CPU.Build.0 = Release|Any CPU
		{0716F955-F9DF-413C-91B6-210E65BBF228}.Release|x64.ActiveCfg = Release|Any CPU
		{0716F955-F9DF-413C-91B6-210E65BBF228}.Release|x64.Build.0 = Release|Any CPU
		{0716F955-F9DF-413C-91B6-210E65BBF228}.Release|x86.ActiveCfg = Release|Any CPU
		{0716F955-F9DF-413C-91B6-210E65BBF228}.Release|x86.Build.0 = Release|Any CPU
		{DC1628D8-163F-4A71-8E17-2AB4F3F19A6A}.Debug|Any CPU.ActiveCfg = Debug|Any CPU
		{DC1628D8-163F-4A71-8E17-2AB4F3F19A6A}.Debug|Any CPU.Build.0 = Debug|Any CPU
		{DC1628D8-163F-4A71-8E17-2AB4F3F19A6A}.Debug|x64.ActiveCfg = Debug|Any CPU
		{DC1628D8-163F-4A71-8E17-2AB4F3F19A6A}.Debug|x64.Build.0 = Debug|Any CPU
		{DC1628D8-163F-4A71-8E17-2AB4F3F19A6A}.Debug|x86.ActiveCfg = Debug|Any CPU
		{DC1628D8-163F-4A71-8E17-2AB4F3F19A6A}.Debug|x86.Build.0 = Debug|Any CPU
		{DC1628D8-163F-4A71-8E17-2AB4F3F19A6A}.Release|Any CPU.ActiveCfg = Release|Any CPU
		{DC1628D8-163F-4A71-8E17-2AB4F3F19A6A}.Release|Any CPU.Build.0 = Release|Any CPU
		{DC1628D8-163F-4A71-8E17-2AB4F3F19A6A}.Release|x64.ActiveCfg = Release|Any CPU
		{DC1628D8-163F-4A71-8E17-2AB4F3F19A6A}.Release|x64.Build.0 = Release|Any CPU
		{DC1628D8-163F-4A71-8E17-2AB4F3F19A6A}.Release|x86.ActiveCfg = Release|Any CPU
		{DC1628D8-163F-4A71-8E17-2AB4F3F19A6A}.Release|x86.Build.0 = Release|Any CPU
		{FF3588A6-4B31-4927-B6B0-67F93218D74E}.Debug|Any CPU.ActiveCfg = Debug|Any CPU
		{FF3588A6-4B31-4927-B6B0-67F93218D74E}.Debug|Any CPU.Build.0 = Debug|Any CPU
		{FF3588A6-4B31-4927-B6B0-67F93218D74E}.Debug|x64.ActiveCfg = Debug|Any CPU
		{FF3588A6-4B31-4927-B6B0-67F93218D74E}.Debug|x64.Build.0 = Debug|Any CPU
		{FF3588A6-4B31-4927-B6B0-67F93218D74E}.Debug|x86.ActiveCfg = Debug|Any CPU
		{FF3588A6-4B31-4927-B6B0-67F93218D74E}.Debug|x86.Build.0 = Debug|Any CPU
		{FF3588A6-4B31-4927-B6B0-67F93218D74E}.Release|Any CPU.ActiveCfg = Release|Any CPU
		{FF3588A6-4B31-4927-B6B0-67F93218D74E}.Release|Any CPU.Build.0 = Release|Any CPU
		{FF3588A6-4B31-4927-B6B0-67F93218D74E}.Release|x64.ActiveCfg = Release|Any CPU
		{FF3588A6-4B31-4927-B6B0-67F93218D74E}.Release|x64.Build.0 = Release|Any CPU
		{FF3588A6-4B31-4927-B6B0-67F93218D74E}.Release|x86.ActiveCfg = Release|Any CPU
		{FF3588A6-4B31-4927-B6B0-67F93218D74E}.Release|x86.Build.0 = Release|Any CPU
		{675AFDCB-5C51-434D-9D6D-C417EB53A80F}.Debug|Any CPU.ActiveCfg = Debug|Any CPU
		{675AFDCB-5C51-434D-9D6D-C417EB53A80F}.Debug|Any CPU.Build.0 = Debug|Any CPU
		{675AFDCB-5C51-434D-9D6D-C417EB53A80F}.Debug|x64.ActiveCfg = Debug|Any CPU
		{675AFDCB-5C51-434D-9D6D-C417EB53A80F}.Debug|x64.Build.0 = Debug|Any CPU
		{675AFDCB-5C51-434D-9D6D-C417EB53A80F}.Debug|x86.ActiveCfg = Debug|Any CPU
		{675AFDCB-5C51-434D-9D6D-C417EB53A80F}.Debug|x86.Build.0 = Debug|Any CPU
		{675AFDCB-5C51-434D-9D6D-C417EB53A80F}.Release|Any CPU.ActiveCfg = Release|Any CPU
		{675AFDCB-5C51-434D-9D6D-C417EB53A80F}.Release|Any CPU.Build.0 = Release|Any CPU
		{675AFDCB-5C51-434D-9D6D-C417EB53A80F}.Release|x64.ActiveCfg = Release|Any CPU
		{675AFDCB-5C51-434D-9D6D-C417EB53A80F}.Release|x64.Build.0 = Release|Any CPU
		{675AFDCB-5C51-434D-9D6D-C417EB53A80F}.Release|x86.ActiveCfg = Release|Any CPU
		{675AFDCB-5C51-434D-9D6D-C417EB53A80F}.Release|x86.Build.0 = Release|Any CPU
		{52C746B4-BA15-413E-997A-CFD5DEF7B2E6}.Debug|Any CPU.ActiveCfg = Debug|Any CPU
		{52C746B4-BA15-413E-997A-CFD5DEF7B2E6}.Debug|Any CPU.Build.0 = Debug|Any CPU
		{52C746B4-BA15-413E-997A-CFD5DEF7B2E6}.Debug|x64.ActiveCfg = Debug|Any CPU
		{52C746B4-BA15-413E-997A-CFD5DEF7B2E6}.Debug|x64.Build.0 = Debug|Any CPU
		{52C746B4-BA15-413E-997A-CFD5DEF7B2E6}.Debug|x86.ActiveCfg = Debug|Any CPU
		{52C746B4-BA15-413E-997A-CFD5DEF7B2E6}.Debug|x86.Build.0 = Debug|Any CPU
		{52C746B4-BA15-413E-997A-CFD5DEF7B2E6}.Release|Any CPU.ActiveCfg = Release|Any CPU
		{52C746B4-BA15-413E-997A-CFD5DEF7B2E6}.Release|Any CPU.Build.0 = Release|Any CPU
		{52C746B4-BA15-413E-997A-CFD5DEF7B2E6}.Release|x64.ActiveCfg = Release|Any CPU
		{52C746B4-BA15-413E-997A-CFD5DEF7B2E6}.Release|x64.Build.0 = Release|Any CPU
		{52C746B4-BA15-413E-997A-CFD5DEF7B2E6}.Release|x86.ActiveCfg = Release|Any CPU
		{52C746B4-BA15-413E-997A-CFD5DEF7B2E6}.Release|x86.Build.0 = Release|Any CPU
		{B439921E-F560-40B0-B3E3-757CFEE36F71}.Debug|Any CPU.ActiveCfg = Debug|Any CPU
		{B439921E-F560-40B0-B3E3-757CFEE36F71}.Debug|Any CPU.Build.0 = Debug|Any CPU
		{B439921E-F560-40B0-B3E3-757CFEE36F71}.Debug|x64.ActiveCfg = Debug|Any CPU
		{B439921E-F560-40B0-B3E3-757CFEE36F71}.Debug|x64.Build.0 = Debug|Any CPU
		{B439921E-F560-40B0-B3E3-757CFEE36F71}.Debug|x86.ActiveCfg = Debug|Any CPU
		{B439921E-F560-40B0-B3E3-757CFEE36F71}.Debug|x86.Build.0 = Debug|Any CPU
		{B439921E-F560-40B0-B3E3-757CFEE36F71}.Release|Any CPU.ActiveCfg = Release|Any CPU
		{B439921E-F560-40B0-B3E3-757CFEE36F71}.Release|Any CPU.Build.0 = Release|Any CPU
		{B439921E-F560-40B0-B3E3-757CFEE36F71}.Release|x64.ActiveCfg = Release|Any CPU
		{B439921E-F560-40B0-B3E3-757CFEE36F71}.Release|x64.Build.0 = Release|Any CPU
		{B439921E-F560-40B0-B3E3-757CFEE36F71}.Release|x86.ActiveCfg = Release|Any CPU
		{B439921E-F560-40B0-B3E3-757CFEE36F71}.Release|x86.Build.0 = Release|Any CPU
		{2F59EDA9-F48E-4343-ACA5-57FC94443958}.Debug|Any CPU.ActiveCfg = Debug|Any CPU
		{2F59EDA9-F48E-4343-ACA5-57FC94443958}.Debug|Any CPU.Build.0 = Debug|Any CPU
		{2F59EDA9-F48E-4343-ACA5-57FC94443958}.Debug|x64.ActiveCfg = Debug|Any CPU
		{2F59EDA9-F48E-4343-ACA5-57FC94443958}.Debug|x64.Build.0 = Debug|Any CPU
		{2F59EDA9-F48E-4343-ACA5-57FC94443958}.Debug|x86.ActiveCfg = Debug|Any CPU
		{2F59EDA9-F48E-4343-ACA5-57FC94443958}.Debug|x86.Build.0 = Debug|Any CPU
		{2F59EDA9-F48E-4343-ACA5-57FC94443958}.Release|Any CPU.ActiveCfg = Release|Any CPU
		{2F59EDA9-F48E-4343-ACA5-57FC94443958}.Release|Any CPU.Build.0 = Release|Any CPU
		{2F59EDA9-F48E-4343-ACA5-57FC94443958}.Release|x64.ActiveCfg = Release|Any CPU
		{2F59EDA9-F48E-4343-ACA5-57FC94443958}.Release|x64.Build.0 = Release|Any CPU
		{2F59EDA9-F48E-4343-ACA5-57FC94443958}.Release|x86.ActiveCfg = Release|Any CPU
		{2F59EDA9-F48E-4343-ACA5-57FC94443958}.Release|x86.Build.0 = Release|Any CPU
		{50BE8C57-DA28-4369-BE90-773026DE1588}.Debug|Any CPU.ActiveCfg = Debug|Any CPU
		{50BE8C57-DA28-4369-BE90-773026DE1588}.Debug|Any CPU.Build.0 = Debug|Any CPU
		{50BE8C57-DA28-4369-BE90-773026DE1588}.Debug|x64.ActiveCfg = Debug|Any CPU
		{50BE8C57-DA28-4369-BE90-773026DE1588}.Debug|x64.Build.0 = Debug|Any CPU
		{50BE8C57-DA28-4369-BE90-773026DE1588}.Debug|x86.ActiveCfg = Debug|Any CPU
		{50BE8C57-DA28-4369-BE90-773026DE1588}.Debug|x86.Build.0 = Debug|Any CPU
		{50BE8C57-DA28-4369-BE90-773026DE1588}.Release|Any CPU.ActiveCfg = Release|Any CPU
		{50BE8C57-DA28-4369-BE90-773026DE1588}.Release|Any CPU.Build.0 = Release|Any CPU
		{50BE8C57-DA28-4369-BE90-773026DE1588}.Release|x64.ActiveCfg = Release|Any CPU
		{50BE8C57-DA28-4369-BE90-773026DE1588}.Release|x64.Build.0 = Release|Any CPU
		{50BE8C57-DA28-4369-BE90-773026DE1588}.Release|x86.ActiveCfg = Release|Any CPU
		{50BE8C57-DA28-4369-BE90-773026DE1588}.Release|x86.Build.0 = Release|Any CPU
		{F42D53AA-DA45-4CDE-A2F1-A7DD35358BDD}.Debug|Any CPU.ActiveCfg = Debug|Any CPU
		{F42D53AA-DA45-4CDE-A2F1-A7DD35358BDD}.Debug|Any CPU.Build.0 = Debug|Any CPU
		{F42D53AA-DA45-4CDE-A2F1-A7DD35358BDD}.Debug|x64.ActiveCfg = Debug|Any CPU
		{F42D53AA-DA45-4CDE-A2F1-A7DD35358BDD}.Debug|x64.Build.0 = Debug|Any CPU
		{F42D53AA-DA45-4CDE-A2F1-A7DD35358BDD}.Debug|x86.ActiveCfg = Debug|Any CPU
		{F42D53AA-DA45-4CDE-A2F1-A7DD35358BDD}.Debug|x86.Build.0 = Debug|Any CPU
		{F42D53AA-DA45-4CDE-A2F1-A7DD35358BDD}.Release|Any CPU.ActiveCfg = Release|Any CPU
		{F42D53AA-DA45-4CDE-A2F1-A7DD35358BDD}.Release|Any CPU.Build.0 = Release|Any CPU
		{F42D53AA-DA45-4CDE-A2F1-A7DD35358BDD}.Release|x64.ActiveCfg = Release|Any CPU
		{F42D53AA-DA45-4CDE-A2F1-A7DD35358BDD}.Release|x64.Build.0 = Release|Any CPU
		{F42D53AA-DA45-4CDE-A2F1-A7DD35358BDD}.Release|x86.ActiveCfg = Release|Any CPU
		{F42D53AA-DA45-4CDE-A2F1-A7DD35358BDD}.Release|x86.Build.0 = Release|Any CPU
		{B617C1D8-CD07-4888-A4FB-D6E941AAC3DF}.Debug|Any CPU.ActiveCfg = Debug|Any CPU
		{B617C1D8-CD07-4888-A4FB-D6E941AAC3DF}.Debug|Any CPU.Build.0 = Debug|Any CPU
		{B617C1D8-CD07-4888-A4FB-D6E941AAC3DF}.Debug|x64.ActiveCfg = Debug|Any CPU
		{B617C1D8-CD07-4888-A4FB-D6E941AAC3DF}.Debug|x64.Build.0 = Debug|Any CPU
		{B617C1D8-CD07-4888-A4FB-D6E941AAC3DF}.Debug|x86.ActiveCfg = Debug|Any CPU
		{B617C1D8-CD07-4888-A4FB-D6E941AAC3DF}.Debug|x86.Build.0 = Debug|Any CPU
		{B617C1D8-CD07-4888-A4FB-D6E941AAC3DF}.Release|Any CPU.ActiveCfg = Release|Any CPU
		{B617C1D8-CD07-4888-A4FB-D6E941AAC3DF}.Release|Any CPU.Build.0 = Release|Any CPU
		{B617C1D8-CD07-4888-A4FB-D6E941AAC3DF}.Release|x64.ActiveCfg = Release|Any CPU
		{B617C1D8-CD07-4888-A4FB-D6E941AAC3DF}.Release|x64.Build.0 = Release|Any CPU
		{B617C1D8-CD07-4888-A4FB-D6E941AAC3DF}.Release|x86.ActiveCfg = Release|Any CPU
		{B617C1D8-CD07-4888-A4FB-D6E941AAC3DF}.Release|x86.Build.0 = Release|Any CPU
		{3350C1E8-C241-4393-987E-0BAEEDCE9849}.Debug|Any CPU.ActiveCfg = Debug|Any CPU
		{3350C1E8-C241-4393-987E-0BAEEDCE9849}.Debug|Any CPU.Build.0 = Debug|Any CPU
		{3350C1E8-C241-4393-987E-0BAEEDCE9849}.Debug|x64.ActiveCfg = Debug|Any CPU
		{3350C1E8-C241-4393-987E-0BAEEDCE9849}.Debug|x64.Build.0 = Debug|Any CPU
		{3350C1E8-C241-4393-987E-0BAEEDCE9849}.Debug|x86.ActiveCfg = Debug|Any CPU
		{3350C1E8-C241-4393-987E-0BAEEDCE9849}.Debug|x86.Build.0 = Debug|Any CPU
		{3350C1E8-C241-4393-987E-0BAEEDCE9849}.Release|Any CPU.ActiveCfg = Release|Any CPU
		{3350C1E8-C241-4393-987E-0BAEEDCE9849}.Release|Any CPU.Build.0 = Release|Any CPU
		{3350C1E8-C241-4393-987E-0BAEEDCE9849}.Release|x64.ActiveCfg = Release|Any CPU
		{3350C1E8-C241-4393-987E-0BAEEDCE9849}.Release|x64.Build.0 = Release|Any CPU
		{3350C1E8-C241-4393-987E-0BAEEDCE9849}.Release|x86.ActiveCfg = Release|Any CPU
		{3350C1E8-C241-4393-987E-0BAEEDCE9849}.Release|x86.Build.0 = Release|Any CPU
		{5109D278-1270-4E33-AAF9-478FA4A0483A}.Debug|Any CPU.ActiveCfg = Debug|Any CPU
		{5109D278-1270-4E33-AAF9-478FA4A0483A}.Debug|Any CPU.Build.0 = Debug|Any CPU
		{5109D278-1270-4E33-AAF9-478FA4A0483A}.Debug|x64.ActiveCfg = Debug|Any CPU
		{5109D278-1270-4E33-AAF9-478FA4A0483A}.Debug|x64.Build.0 = Debug|Any CPU
		{5109D278-1270-4E33-AAF9-478FA4A0483A}.Debug|x86.ActiveCfg = Debug|Any CPU
		{5109D278-1270-4E33-AAF9-478FA4A0483A}.Debug|x86.Build.0 = Debug|Any CPU
		{5109D278-1270-4E33-AAF9-478FA4A0483A}.Release|Any CPU.ActiveCfg = Release|Any CPU
		{5109D278-1270-4E33-AAF9-478FA4A0483A}.Release|Any CPU.Build.0 = Release|Any CPU
		{5109D278-1270-4E33-AAF9-478FA4A0483A}.Release|x64.ActiveCfg = Release|Any CPU
		{5109D278-1270-4E33-AAF9-478FA4A0483A}.Release|x64.Build.0 = Release|Any CPU
		{5109D278-1270-4E33-AAF9-478FA4A0483A}.Release|x86.ActiveCfg = Release|Any CPU
		{5109D278-1270-4E33-AAF9-478FA4A0483A}.Release|x86.Build.0 = Release|Any CPU
		{8E754E5A-B78A-4B33-BDC5-5E22CABE9DC3}.Debug|Any CPU.ActiveCfg = Debug|Any CPU
		{8E754E5A-B78A-4B33-BDC5-5E22CABE9DC3}.Debug|Any CPU.Build.0 = Debug|Any CPU
		{8E754E5A-B78A-4B33-BDC5-5E22CABE9DC3}.Debug|x64.ActiveCfg = Debug|Any CPU
		{8E754E5A-B78A-4B33-BDC5-5E22CABE9DC3}.Debug|x64.Build.0 = Debug|Any CPU
		{8E754E5A-B78A-4B33-BDC5-5E22CABE9DC3}.Debug|x86.ActiveCfg = Debug|Any CPU
		{8E754E5A-B78A-4B33-BDC5-5E22CABE9DC3}.Debug|x86.Build.0 = Debug|Any CPU
		{8E754E5A-B78A-4B33-BDC5-5E22CABE9DC3}.Release|Any CPU.ActiveCfg = Release|Any CPU
		{8E754E5A-B78A-4B33-BDC5-5E22CABE9DC3}.Release|Any CPU.Build.0 = Release|Any CPU
		{8E754E5A-B78A-4B33-BDC5-5E22CABE9DC3}.Release|x64.ActiveCfg = Release|Any CPU
		{8E754E5A-B78A-4B33-BDC5-5E22CABE9DC3}.Release|x64.Build.0 = Release|Any CPU
		{8E754E5A-B78A-4B33-BDC5-5E22CABE9DC3}.Release|x86.ActiveCfg = Release|Any CPU
		{8E754E5A-B78A-4B33-BDC5-5E22CABE9DC3}.Release|x86.Build.0 = Release|Any CPU
		{CF312772-AA40-43FD-8875-07F2247DD03A}.Debug|Any CPU.ActiveCfg = Debug|Any CPU
		{CF312772-AA40-43FD-8875-07F2247DD03A}.Debug|Any CPU.Build.0 = Debug|Any CPU
		{CF312772-AA40-43FD-8875-07F2247DD03A}.Debug|x64.ActiveCfg = Debug|Any CPU
		{CF312772-AA40-43FD-8875-07F2247DD03A}.Debug|x64.Build.0 = Debug|Any CPU
		{CF312772-AA40-43FD-8875-07F2247DD03A}.Debug|x86.ActiveCfg = Debug|Any CPU
		{CF312772-AA40-43FD-8875-07F2247DD03A}.Debug|x86.Build.0 = Debug|Any CPU
		{CF312772-AA40-43FD-8875-07F2247DD03A}.Release|Any CPU.ActiveCfg = Release|Any CPU
		{CF312772-AA40-43FD-8875-07F2247DD03A}.Release|Any CPU.Build.0 = Release|Any CPU
		{CF312772-AA40-43FD-8875-07F2247DD03A}.Release|x64.ActiveCfg = Release|Any CPU
		{CF312772-AA40-43FD-8875-07F2247DD03A}.Release|x64.Build.0 = Release|Any CPU
		{CF312772-AA40-43FD-8875-07F2247DD03A}.Release|x86.ActiveCfg = Release|Any CPU
		{CF312772-AA40-43FD-8875-07F2247DD03A}.Release|x86.Build.0 = Release|Any CPU
		{D077F87F-BA91-4FFF-9A59-9A38B9658235}.Debug|Any CPU.ActiveCfg = Debug|Any CPU
		{D077F87F-BA91-4FFF-9A59-9A38B9658235}.Debug|Any CPU.Build.0 = Debug|Any CPU
		{D077F87F-BA91-4FFF-9A59-9A38B9658235}.Debug|x64.ActiveCfg = Debug|Any CPU
		{D077F87F-BA91-4FFF-9A59-9A38B9658235}.Debug|x64.Build.0 = Debug|Any CPU
		{D077F87F-BA91-4FFF-9A59-9A38B9658235}.Debug|x86.ActiveCfg = Debug|Any CPU
		{D077F87F-BA91-4FFF-9A59-9A38B9658235}.Debug|x86.Build.0 = Debug|Any CPU
		{D077F87F-BA91-4FFF-9A59-9A38B9658235}.Release|Any CPU.ActiveCfg = Release|Any CPU
		{D077F87F-BA91-4FFF-9A59-9A38B9658235}.Release|Any CPU.Build.0 = Release|Any CPU
		{D077F87F-BA91-4FFF-9A59-9A38B9658235}.Release|x64.ActiveCfg = Release|Any CPU
		{D077F87F-BA91-4FFF-9A59-9A38B9658235}.Release|x64.Build.0 = Release|Any CPU
		{D077F87F-BA91-4FFF-9A59-9A38B9658235}.Release|x86.ActiveCfg = Release|Any CPU
		{D077F87F-BA91-4FFF-9A59-9A38B9658235}.Release|x86.Build.0 = Release|Any CPU
		{9F904276-95B4-473C-9DD3-5D95D0B10C32}.Debug|Any CPU.ActiveCfg = Debug|Any CPU
		{9F904276-95B4-473C-9DD3-5D95D0B10C32}.Debug|Any CPU.Build.0 = Debug|Any CPU
		{9F904276-95B4-473C-9DD3-5D95D0B10C32}.Debug|x64.ActiveCfg = Debug|Any CPU
		{9F904276-95B4-473C-9DD3-5D95D0B10C32}.Debug|x64.Build.0 = Debug|Any CPU
		{9F904276-95B4-473C-9DD3-5D95D0B10C32}.Debug|x86.ActiveCfg = Debug|Any CPU
		{9F904276-95B4-473C-9DD3-5D95D0B10C32}.Debug|x86.Build.0 = Debug|Any CPU
		{9F904276-95B4-473C-9DD3-5D95D0B10C32}.Release|Any CPU.ActiveCfg = Release|Any CPU
		{9F904276-95B4-473C-9DD3-5D95D0B10C32}.Release|Any CPU.Build.0 = Release|Any CPU
		{9F904276-95B4-473C-9DD3-5D95D0B10C32}.Release|x64.ActiveCfg = Release|Any CPU
		{9F904276-95B4-473C-9DD3-5D95D0B10C32}.Release|x64.Build.0 = Release|Any CPU
		{9F904276-95B4-473C-9DD3-5D95D0B10C32}.Release|x86.ActiveCfg = Release|Any CPU
		{9F904276-95B4-473C-9DD3-5D95D0B10C32}.Release|x86.Build.0 = Release|Any CPU
		{BB7DC57F-D1E6-444A-A4CE-E784B2B04B48}.Debug|Any CPU.ActiveCfg = Debug|Any CPU
		{BB7DC57F-D1E6-444A-A4CE-E784B2B04B48}.Debug|Any CPU.Build.0 = Debug|Any CPU
		{BB7DC57F-D1E6-444A-A4CE-E784B2B04B48}.Debug|x64.ActiveCfg = Debug|Any CPU
		{BB7DC57F-D1E6-444A-A4CE-E784B2B04B48}.Debug|x64.Build.0 = Debug|Any CPU
		{BB7DC57F-D1E6-444A-A4CE-E784B2B04B48}.Debug|x86.ActiveCfg = Debug|Any CPU
		{BB7DC57F-D1E6-444A-A4CE-E784B2B04B48}.Debug|x86.Build.0 = Debug|Any CPU
		{BB7DC57F-D1E6-444A-A4CE-E784B2B04B48}.Release|Any CPU.ActiveCfg = Release|Any CPU
		{BB7DC57F-D1E6-444A-A4CE-E784B2B04B48}.Release|Any CPU.Build.0 = Release|Any CPU
		{BB7DC57F-D1E6-444A-A4CE-E784B2B04B48}.Release|x64.ActiveCfg = Release|Any CPU
		{BB7DC57F-D1E6-444A-A4CE-E784B2B04B48}.Release|x64.Build.0 = Release|Any CPU
		{BB7DC57F-D1E6-444A-A4CE-E784B2B04B48}.Release|x86.ActiveCfg = Release|Any CPU
		{BB7DC57F-D1E6-444A-A4CE-E784B2B04B48}.Release|x86.Build.0 = Release|Any CPU
		{0B9157FB-830C-468C-9ADF-0557D8000CAD}.Debug|Any CPU.ActiveCfg = Debug|Any CPU
		{0B9157FB-830C-468C-9ADF-0557D8000CAD}.Debug|Any CPU.Build.0 = Debug|Any CPU
		{0B9157FB-830C-468C-9ADF-0557D8000CAD}.Debug|x64.ActiveCfg = Debug|Any CPU
		{0B9157FB-830C-468C-9ADF-0557D8000CAD}.Debug|x64.Build.0 = Debug|Any CPU
		{0B9157FB-830C-468C-9ADF-0557D8000CAD}.Debug|x86.ActiveCfg = Debug|Any CPU
		{0B9157FB-830C-468C-9ADF-0557D8000CAD}.Debug|x86.Build.0 = Debug|Any CPU
		{0B9157FB-830C-468C-9ADF-0557D8000CAD}.Release|Any CPU.ActiveCfg = Release|Any CPU
		{0B9157FB-830C-468C-9ADF-0557D8000CAD}.Release|Any CPU.Build.0 = Release|Any CPU
		{0B9157FB-830C-468C-9ADF-0557D8000CAD}.Release|x64.ActiveCfg = Release|Any CPU
		{0B9157FB-830C-468C-9ADF-0557D8000CAD}.Release|x64.Build.0 = Release|Any CPU
		{0B9157FB-830C-468C-9ADF-0557D8000CAD}.Release|x86.ActiveCfg = Release|Any CPU
		{0B9157FB-830C-468C-9ADF-0557D8000CAD}.Release|x86.Build.0 = Release|Any CPU
		{4BE0CE40-DCBA-4C2D-ABC8-4F051470A0E2}.Debug|Any CPU.ActiveCfg = Debug|Any CPU
		{4BE0CE40-DCBA-4C2D-ABC8-4F051470A0E2}.Debug|Any CPU.Build.0 = Debug|Any CPU
		{4BE0CE40-DCBA-4C2D-ABC8-4F051470A0E2}.Debug|x64.ActiveCfg = Debug|Any CPU
		{4BE0CE40-DCBA-4C2D-ABC8-4F051470A0E2}.Debug|x64.Build.0 = Debug|Any CPU
		{4BE0CE40-DCBA-4C2D-ABC8-4F051470A0E2}.Debug|x86.ActiveCfg = Debug|Any CPU
		{4BE0CE40-DCBA-4C2D-ABC8-4F051470A0E2}.Debug|x86.Build.0 = Debug|Any CPU
		{4BE0CE40-DCBA-4C2D-ABC8-4F051470A0E2}.Release|Any CPU.ActiveCfg = Release|Any CPU
		{4BE0CE40-DCBA-4C2D-ABC8-4F051470A0E2}.Release|Any CPU.Build.0 = Release|Any CPU
		{4BE0CE40-DCBA-4C2D-ABC8-4F051470A0E2}.Release|x64.ActiveCfg = Release|Any CPU
		{4BE0CE40-DCBA-4C2D-ABC8-4F051470A0E2}.Release|x64.Build.0 = Release|Any CPU
		{4BE0CE40-DCBA-4C2D-ABC8-4F051470A0E2}.Release|x86.ActiveCfg = Release|Any CPU
		{4BE0CE40-DCBA-4C2D-ABC8-4F051470A0E2}.Release|x86.Build.0 = Release|Any CPU
		{4F096F03-88B7-4CC1-9F01-225561940D3A}.Debug|Any CPU.ActiveCfg = Debug|Any CPU
		{4F096F03-88B7-4CC1-9F01-225561940D3A}.Debug|Any CPU.Build.0 = Debug|Any CPU
		{4F096F03-88B7-4CC1-9F01-225561940D3A}.Debug|x64.ActiveCfg = Debug|Any CPU
		{4F096F03-88B7-4CC1-9F01-225561940D3A}.Debug|x64.Build.0 = Debug|Any CPU
		{4F096F03-88B7-4CC1-9F01-225561940D3A}.Debug|x86.ActiveCfg = Debug|Any CPU
		{4F096F03-88B7-4CC1-9F01-225561940D3A}.Debug|x86.Build.0 = Debug|Any CPU
		{4F096F03-88B7-4CC1-9F01-225561940D3A}.Release|Any CPU.ActiveCfg = Release|Any CPU
		{4F096F03-88B7-4CC1-9F01-225561940D3A}.Release|Any CPU.Build.0 = Release|Any CPU
		{4F096F03-88B7-4CC1-9F01-225561940D3A}.Release|x64.ActiveCfg = Release|Any CPU
		{4F096F03-88B7-4CC1-9F01-225561940D3A}.Release|x64.Build.0 = Release|Any CPU
		{4F096F03-88B7-4CC1-9F01-225561940D3A}.Release|x86.ActiveCfg = Release|Any CPU
		{4F096F03-88B7-4CC1-9F01-225561940D3A}.Release|x86.Build.0 = Release|Any CPU
	EndGlobalSection
	GlobalSection(SolutionProperties) = preSolution
		HideSolutionNode = FALSE
	EndGlobalSection
	GlobalSection(NestedProjects) = preSolution
		{FBC945AB-166D-43A2-B831-F69DAFB8D709} = {A1000000-0000-0000-0000-000000000001}
		{01EEB0F2-EC83-4F7D-971E-A8870B7B9589} = {A1000000-0000-0000-0000-000000000001}
		{A28477CE-E31F-4381-8874-BD40765DA690} = {A1000000-0000-0000-0000-000000000001}
		{0716F955-F9DF-413C-91B6-210E65BBF228} = {A1000000-0000-0000-0000-000000000001}
		{DC1628D8-163F-4A71-8E17-2AB4F3F19A6A} = {A1000000-0000-0000-0000-000000000001}
		{205E130F-69FA-66A7-61F3-002487D33FFE} = {A2000000-0000-0000-0000-000000000002}
		{FF3588A6-4B31-4927-B6B0-67F93218D74E} = {205E130F-69FA-66A7-61F3-002487D33FFE}
		{675AFDCB-5C51-434D-9D6D-C417EB53A80F} = {205E130F-69FA-66A7-61F3-002487D33FFE}
		{52C746B4-BA15-413E-997A-CFD5DEF7B2E6} = {205E130F-69FA-66A7-61F3-002487D33FFE}
		{B439921E-F560-40B0-B3E3-757CFEE36F71} = {205E130F-69FA-66A7-61F3-002487D33FFE}
		{4CCEC026-B5D8-60F9-F5B2-7DC0C417DAF0} = {A2000000-0000-0000-0000-000000000002}
		{2F59EDA9-F48E-4343-ACA5-57FC94443958} = {4CCEC026-B5D8-60F9-F5B2-7DC0C417DAF0}
		{50BE8C57-DA28-4369-BE90-773026DE1588} = {4CCEC026-B5D8-60F9-F5B2-7DC0C417DAF0}
		{F42D53AA-DA45-4CDE-A2F1-A7DD35358BDD} = {4CCEC026-B5D8-60F9-F5B2-7DC0C417DAF0}
		{B617C1D8-CD07-4888-A4FB-D6E941AAC3DF} = {4CCEC026-B5D8-60F9-F5B2-7DC0C417DAF0}
		{9BB949CF-68DD-DB61-1969-8F4705885344} = {A2000000-0000-0000-0000-000000000002}
		{3350C1E8-C241-4393-987E-0BAEEDCE9849} = {9BB949CF-68DD-DB61-1969-8F4705885344}
		{5109D278-1270-4E33-AAF9-478FA4A0483A} = {9BB949CF-68DD-DB61-1969-8F4705885344}
		{8E754E5A-B78A-4B33-BDC5-5E22CABE9DC3} = {9BB949CF-68DD-DB61-1969-8F4705885344}
		{CF312772-AA40-43FD-8875-07F2247DD03A} = {9BB949CF-68DD-DB61-1969-8F4705885344}
		{D077F87F-BA91-4FFF-9A59-9A38B9658235} = {A2000000-0000-0000-0000-000000000002}
		{9F904276-95B4-473C-9DD3-5D95D0B10C32} = {A2000000-0000-0000-0000-000000000002}
		{BB7DC57F-D1E6-444A-A4CE-E784B2B04B48} = {0AB3BF05-4346-4AA6-1389-037BE0695223}
		{0B9157FB-830C-468C-9ADF-0557D8000CAD} = {0AB3BF05-4346-4AA6-1389-037BE0695223}
		{4BE0CE40-DCBA-4C2D-ABC8-4F051470A0E2} = {0AB3BF05-4346-4AA6-1389-037BE0695223}
		{4F096F03-88B7-4CC1-9F01-225561940D3A} = {0AB3BF05-4346-4AA6-1389-037BE0695223}
	EndGlobalSection
	GlobalSection(ExtensibilityGlobals) = postSolution
		SolutionGuid = {3E035899-8371-4C75-BEC1-43C27906F357}
	EndGlobalSection
EndGlobal
